// !$*UTF8*$!
{
	archiveVersion = 1;
	classes = {
	};
	objectVersion = 56;
	objects = {

/* Begin PBXBuildFile section */
		0803907C2993FD390047A799 /* blinnPhongFresnel.frag in CopyFiles */ = {isa = PBXBuildFile; fileRef = 082D724C2993C30100D38E1B /* blinnPhongFresnel.frag */; };
		0803907D2993FD390047A799 /* blinnPhongFresnel.vert in CopyFiles */ = {isa = PBXBuildFile; fileRef = 082D724D2993C31C00D38E1B /* blinnPhongFresnel.vert */; };
		0803908129942E5F0047A799 /* turbulence.cpp in Sources */ = {isa = PBXBuildFile; fileRef = 0803907F29942E5F0047A799 /* turbulence.cpp */; };
		0821DD6F298AE2B000B938AF /* cubemap.cpp in Sources */ = {isa = PBXBuildFile; fileRef = 0821DD6D298AE2B000B938AF /* cubemap.cpp */; };
		0837F86C2990806800B2C051 /* skybox.cpp in Sources */ = {isa = PBXBuildFile; fileRef = 0837F86B2990806800B2C051 /* skybox.cpp */; };
		0837F8BA2990942900B2C051 /* skybox.vert in CopyFiles */ = {isa = PBXBuildFile; fileRef = 0837F8B82990929F00B2C051 /* skybox.vert */; };
		0837F8BB2990942900B2C051 /* skybox.frag in CopyFiles */ = {isa = PBXBuildFile; fileRef = 0837F8B9299092B100B2C051 /* skybox.frag */; };
		087C873A2B7F005B006EA41E /* Plane.dae in CopyFiles */ = {isa = PBXBuildFile; fileRef = 087C87372B7F004E006EA41E /* Plane.dae */; };
		087C873B2B7F005B006EA41E /* Window.png in CopyFiles */ = {isa = PBXBuildFile; fileRef = 087C87382B7F004E006EA41E /* Window.png */; };
		087C873C2B7F005B006EA41E /* Red.jpg in CopyFiles */ = {isa = PBXBuildFile; fileRef = 087C87392B7F004E006EA41E /* Red.jpg */; };
		087C87612B7F005B006EA41E /* bottom.jpg in CopyFiles */ = {isa = PBXBuildFile; fileRef = 087C87292B7EFEEF006EA41E /* bottom.jpg */; };
		087C87622B7F005B006EA41E /* left.jpg in CopyFiles */ = {isa = PBXBuildFile; fileRef = 087C872A2B7EFEEF006EA41E /* left.jpg */; };
		087C87632B7F005B006EA41E /* top.jpg in CopyFiles */ = {isa = PBXBuildFile; fileRef = 087C872B2B7EFEEF006EA41E /* top.jpg */; };
		087C87642B7F005B006EA41E /* back.jpg in CopyFiles */ = {isa = PBXBuildFile; fileRef = 087C872C2B7EFEEF006EA41E /* back.jpg */; };
		087C87652B7F005B006EA41E /* right.jpg in CopyFiles */ = {isa = PBXBuildFile; fileRef = 087C872D2B7EFEEF006EA41E /* right.jpg */; };
		087C87662B7F005B006EA41E /* front.jpg in CopyFiles */ = {isa = PBXBuildFile; fileRef = 087C872E2B7EFEEF006EA41E /* front.jpg */; };
		087C876E2B7F006B006EA41E /* libglfw.3.3.dylib in Frameworks */ = {isa = PBXBuildFile; fileRef = 087C876D2B7F006B006EA41E /* libglfw.3.3.dylib */; };
		087C87702B7F0078006EA41E /* libglm.dylib in Frameworks */ = {isa = PBXBuildFile; fileRef = 087C876F2B7F0078006EA41E /* libglm.dylib */; };
		087C87722B7F0086006EA41E /* libassimp.5.3.0.dylib in Frameworks */ = {isa = PBXBuildFile; fileRef = 087C87712B7F0086006EA41E /* libassimp.5.3.0.dylib */; };
		08B46F5E298AC17A00DD8A78 /* loader_assimp.cpp in Sources */ = {isa = PBXBuildFile; fileRef = 08B46F2B298AC17A00DD8A78 /* loader_assimp.cpp */; };
		08B46F5F298AC17A00DD8A78 /* camera.cpp in Sources */ = {isa = PBXBuildFile; fileRef = 08B46F2D298AC17A00DD8A78 /* camera.cpp */; };
		08B46F60298AC17A00DD8A78 /* vbo.cpp in Sources */ = {isa = PBXBuildFile; fileRef = 08B46F31298AC17A00DD8A78 /* vbo.cpp */; };
		08B46F61298AC17A00DD8A78 /* vao.cpp in Sources */ = {isa = PBXBuildFile; fileRef = 08B46F33298AC17A00DD8A78 /* vao.cpp */; };
		08B46F62298AC17A00DD8A78 /* ebo.cpp in Sources */ = {isa = PBXBuildFile; fileRef = 08B46F37298AC17A00DD8A78 /* ebo.cpp */; };
		08B46F63298AC17A00DD8A78 /* object.cpp in Sources */ = {isa = PBXBuildFile; fileRef = 08B46F39298AC17A00DD8A78 /* object.cpp */; };
		08B46F64298AC17A00DD8A78 /* loader.cpp in Sources */ = {isa = PBXBuildFile; fileRef = 08B46F3D298AC17A00DD8A78 /* loader.cpp */; };
		08B46F65298AC17A00DD8A78 /* texture.cpp in Sources */ = {isa = PBXBuildFile; fileRef = 08B46F3F298AC17A00DD8A78 /* texture.cpp */; };
		08B46F66298AC17A00DD8A78 /* shader.cpp in Sources */ = {isa = PBXBuildFile; fileRef = 08B46F43298AC17A00DD8A78 /* shader.cpp */; };
		08B46F67298AC17A00DD8A78 /* light.cpp in Sources */ = {isa = PBXBuildFile; fileRef = 08B46F46298AC17A00DD8A78 /* light.cpp */; };
		08B46F68298AC17A00DD8A78 /* geometry.cpp in Sources */ = {isa = PBXBuildFile; fileRef = 08B46F48298AC17A00DD8A78 /* geometry.cpp */; };
		08B46F69298AC17A00DD8A78 /* imgui.cpp in Sources */ = {isa = PBXBuildFile; fileRef = 08B46F50298AC17A00DD8A78 /* imgui.cpp */; };
		08B46F6A298AC17A00DD8A78 /* imgui_impl_glfw_gl3.cpp in Sources */ = {isa = PBXBuildFile; fileRef = 08B46F52298AC17A00DD8A78 /* imgui_impl_glfw_gl3.cpp */; };
		08B46F6B298AC17A00DD8A78 /* imgui_demo.cpp in Sources */ = {isa = PBXBuildFile; fileRef = 08B46F54298AC17A00DD8A78 /* imgui_demo.cpp */; };
		08B46F6C298AC17A00DD8A78 /* imgui_draw.cpp in Sources */ = {isa = PBXBuildFile; fileRef = 08B46F55298AC17A00DD8A78 /* imgui_draw.cpp */; };
		08B46F6D298AC17A00DD8A78 /* main.cpp in Sources */ = {isa = PBXBuildFile; fileRef = 08B46F5D298AC17A00DD8A78 /* main.cpp */; };
		08B46F8F298AC29800DD8A78 /* OpenGL.framework in Frameworks */ = {isa = PBXBuildFile; fileRef = 08B46F8E298AC29800DD8A78 /* OpenGL.framework */; };
		08B46F94298AC2CD00DD8A78 /* libGLEW.2.2.0.dylib in Frameworks */ = {isa = PBXBuildFile; fileRef = 08B46F93298AC2CD00DD8A78 /* libGLEW.2.2.0.dylib */; };
/* End PBXBuildFile section */

/* Begin PBXCopyFilesBuildPhase section */
		08410DEC298A914300FD3BC7 /* CopyFiles */ = {
			isa = PBXCopyFilesBuildPhase;
			buildActionMask = 12;
			dstPath = "";
			dstSubfolderSpec = 16;
			files = (
				087C873A2B7F005B006EA41E /* Plane.dae in CopyFiles */,
				087C873B2B7F005B006EA41E /* Window.png in CopyFiles */,
				087C873C2B7F005B006EA41E /* Red.jpg in CopyFiles */,
				087C87612B7F005B006EA41E /* bottom.jpg in CopyFiles */,
				087C87622B7F005B006EA41E /* left.jpg in CopyFiles */,
				087C87632B7F005B006EA41E /* top.jpg in CopyFiles */,
				087C87642B7F005B006EA41E /* back.jpg in CopyFiles */,
				087C87652B7F005B006EA41E /* right.jpg in CopyFiles */,
				087C87662B7F005B006EA41E /* front.jpg in CopyFiles */,
				0803907C2993FD390047A799 /* blinnPhongFresnel.frag in CopyFiles */,
				0803907D2993FD390047A799 /* blinnPhongFresnel.vert in CopyFiles */,
				0837F8BA2990942900B2C051 /* skybox.vert in CopyFiles */,
				0837F8BB2990942900B2C051 /* skybox.frag in CopyFiles */,
			);
			runOnlyForDeploymentPostprocessing = 0;
		};
/* End PBXCopyFilesBuildPhase section */

/* Begin PBXFileReference section */
		0803907F29942E5F0047A799 /* turbulence.cpp */ = {isa = PBXFileReference; lastKnownFileType = sourcecode.cpp.cpp; path = turbulence.cpp; sourceTree = "<group>"; };
		0803908029942E5F0047A799 /* turbulence.h */ = {isa = PBXFileReference; lastKnownFileType = sourcecode.c.h; path = turbulence.h; sourceTree = "<group>"; };
		0821DD6D298AE2B000B938AF /* cubemap.cpp */ = {isa = PBXFileReference; lastKnownFileType = sourcecode.cpp.cpp; path = cubemap.cpp; sourceTree = "<group>"; };
		0821DD6E298AE2B000B938AF /* cubemap.h */ = {isa = PBXFileReference; lastKnownFileType = sourcecode.c.h; path = cubemap.h; sourceTree = "<group>"; };
		082D724C2993C30100D38E1B /* blinnPhongFresnel.frag */ = {isa = PBXFileReference; lastKnownFileType = sourcecode.glsl; path = blinnPhongFresnel.frag; sourceTree = "<group>"; };
		082D724D2993C31C00D38E1B /* blinnPhongFresnel.vert */ = {isa = PBXFileReference; lastKnownFileType = sourcecode.glsl; path = blinnPhongFresnel.vert; sourceTree = "<group>"; };
		0837F86A2990806800B2C051 /* skybox.h */ = {isa = PBXFileReference; fileEncoding = 4; lastKnownFileType = sourcecode.c.h; path = skybox.h; sourceTree = "<group>"; };
		0837F86B2990806800B2C051 /* skybox.cpp */ = {isa = PBXFileReference; fileEncoding = 4; lastKnownFileType = sourcecode.cpp.cpp; path = skybox.cpp; sourceTree = "<group>"; };
		0837F8B82990929F00B2C051 /* skybox.vert */ = {isa = PBXFileReference; lastKnownFileType = sourcecode.glsl; path = skybox.vert; sourceTree = "<group>"; };
		0837F8B9299092B100B2C051 /* skybox.frag */ = {isa = PBXFileReference; lastKnownFileType = sourcecode.glsl; path = skybox.frag; sourceTree = "<group>"; };
		08410DEE298A914300FD3BC7 /* Lab1 */ = {isa = PBXFileReference; explicitFileType = "compiled.mach-o.executable"; includeInIndex = 0; path = Lab1; sourceTree = BUILT_PRODUCTS_DIR; };
		087C87292B7EFEEF006EA41E /* bottom.jpg */ = {isa = PBXFileReference; lastKnownFileType = image.jpeg; path = bottom.jpg; sourceTree = "<group>"; };
		087C872A2B7EFEEF006EA41E /* left.jpg */ = {isa = PBXFileReference; lastKnownFileType = image.jpeg; path = left.jpg; sourceTree = "<group>"; };
		087C872B2B7EFEEF006EA41E /* top.jpg */ = {isa = PBXFileReference; lastKnownFileType = image.jpeg; path = top.jpg; sourceTree = "<group>"; };
		087C872C2B7EFEEF006EA41E /* back.jpg */ = {isa = PBXFileReference; lastKnownFileType = image.jpeg; path = back.jpg; sourceTree = "<group>"; };
		087C872D2B7EFEEF006EA41E /* right.jpg */ = {isa = PBXFileReference; lastKnownFileType = image.jpeg; path = right.jpg; sourceTree = "<group>"; };
		087C872E2B7EFEEF006EA41E /* front.jpg */ = {isa = PBXFileReference; lastKnownFileType = image.jpeg; path = front.jpg; sourceTree = "<group>"; };
		087C87372B7F004E006EA41E /* Plane.dae */ = {isa = PBXFileReference; fileEncoding = 4; lastKnownFileType = text.xml.dae; path = Plane.dae; sourceTree = "<group>"; };
		087C87382B7F004E006EA41E /* Window.png */ = {isa = PBXFileReference; lastKnownFileType = image.png; path = Window.png; sourceTree = "<group>"; };
		087C87392B7F004E006EA41E /* Red.jpg */ = {isa = PBXFileReference; lastKnownFileType = image.jpeg; path = Red.jpg; sourceTree = "<group>"; };
		087C876D2B7F006B006EA41E /* libglfw.3.3.dylib */ = {isa = PBXFileReference; lastKnownFileType = "compiled.mach-o.dylib"; name = libglfw.3.3.dylib; path = ../../../../opt/homebrew/Cellar/glfw/3.3.9/lib/libglfw.3.3.dylib; sourceTree = "<group>"; };
		087C876F2B7F0078006EA41E /* libglm.dylib */ = {isa = PBXFileReference; lastKnownFileType = "compiled.mach-o.dylib"; name = libglm.dylib; path = ../../../../opt/homebrew/Cellar/glm/1.0.0/lib/libglm.dylib; sourceTree = "<group>"; };
		087C87712B7F0086006EA41E /* libassimp.5.3.0.dylib */ = {isa = PBXFileReference; lastKnownFileType = "compiled.mach-o.dylib"; name = libassimp.5.3.0.dylib; path = ../../../../opt/homebrew/Cellar/assimp/5.3.1/lib/libassimp.5.3.0.dylib; sourceTree = "<group>"; };
		08B46F27298AC17A00DD8A78 /* main.h */ = {isa = PBXFileReference; fileEncoding = 4; lastKnownFileType = sourcecode.c.h; path = main.h; sourceTree = "<group>"; };
		08B46F2A298AC17A00DD8A78 /* loader_assimp.h */ = {isa = PBXFileReference; fileEncoding = 4; lastKnownFileType = sourcecode.c.h; path = loader_assimp.h; sourceTree = "<group>"; };
		08B46F2B298AC17A00DD8A78 /* loader_assimp.cpp */ = {isa = PBXFileReference; fileEncoding = 4; lastKnownFileType = sourcecode.cpp.cpp; path = loader_assimp.cpp; sourceTree = "<group>"; };
		08B46F2D298AC17A00DD8A78 /* camera.cpp */ = {isa = PBXFileReference; fileEncoding = 4; lastKnownFileType = sourcecode.cpp.cpp; path = camera.cpp; sourceTree = "<group>"; };
		08B46F2E298AC17A00DD8A78 /* camera.h */ = {isa = PBXFileReference; fileEncoding = 4; lastKnownFileType = sourcecode.c.h; path = camera.h; sourceTree = "<group>"; };
		08B46F30298AC17A00DD8A78 /* vbo.h */ = {isa = PBXFileReference; fileEncoding = 4; lastKnownFileType = sourcecode.c.h; path = vbo.h; sourceTree = "<group>"; };
		08B46F31298AC17A00DD8A78 /* vbo.cpp */ = {isa = PBXFileReference; fileEncoding = 4; lastKnownFileType = sourcecode.cpp.cpp; path = vbo.cpp; sourceTree = "<group>"; };
		08B46F33298AC17A00DD8A78 /* vao.cpp */ = {isa = PBXFileReference; fileEncoding = 4; lastKnownFileType = sourcecode.cpp.cpp; path = vao.cpp; sourceTree = "<group>"; };
		08B46F34298AC17A00DD8A78 /* vao.h */ = {isa = PBXFileReference; fileEncoding = 4; lastKnownFileType = sourcecode.c.h; path = vao.h; sourceTree = "<group>"; };
		08B46F36298AC17A00DD8A78 /* ebo.h */ = {isa = PBXFileReference; fileEncoding = 4; lastKnownFileType = sourcecode.c.h; path = ebo.h; sourceTree = "<group>"; };
		08B46F37298AC17A00DD8A78 /* ebo.cpp */ = {isa = PBXFileReference; fileEncoding = 4; lastKnownFileType = sourcecode.cpp.cpp; path = ebo.cpp; sourceTree = "<group>"; };
		08B46F39298AC17A00DD8A78 /* object.cpp */ = {isa = PBXFileReference; fileEncoding = 4; lastKnownFileType = sourcecode.cpp.cpp; path = object.cpp; sourceTree = "<group>"; };
		08B46F3A298AC17A00DD8A78 /* object.h */ = {isa = PBXFileReference; fileEncoding = 4; lastKnownFileType = sourcecode.c.h; path = object.h; sourceTree = "<group>"; };
		08B46F3C298AC17A00DD8A78 /* loader.h */ = {isa = PBXFileReference; fileEncoding = 4; lastKnownFileType = sourcecode.c.h; path = loader.h; sourceTree = "<group>"; };
		08B46F3D298AC17A00DD8A78 /* loader.cpp */ = {isa = PBXFileReference; fileEncoding = 4; lastKnownFileType = sourcecode.cpp.cpp; path = loader.cpp; sourceTree = "<group>"; };
		08B46F3F298AC17A00DD8A78 /* texture.cpp */ = {isa = PBXFileReference; fileEncoding = 4; lastKnownFileType = sourcecode.cpp.cpp; path = texture.cpp; sourceTree = "<group>"; };
		08B46F40298AC17A00DD8A78 /* texture.h */ = {isa = PBXFileReference; fileEncoding = 4; lastKnownFileType = sourcecode.c.h; path = texture.h; sourceTree = "<group>"; };
		08B46F42298AC17A00DD8A78 /* shader.h */ = {isa = PBXFileReference; fileEncoding = 4; lastKnownFileType = sourcecode.c.h; path = shader.h; sourceTree = "<group>"; };
		08B46F43298AC17A00DD8A78 /* shader.cpp */ = {isa = PBXFileReference; fileEncoding = 4; lastKnownFileType = sourcecode.cpp.cpp; path = shader.cpp; sourceTree = "<group>"; };
		08B46F45298AC17A00DD8A78 /* light.h */ = {isa = PBXFileReference; fileEncoding = 4; lastKnownFileType = sourcecode.c.h; path = light.h; sourceTree = "<group>"; };
		08B46F46298AC17A00DD8A78 /* light.cpp */ = {isa = PBXFileReference; fileEncoding = 4; lastKnownFileType = sourcecode.cpp.cpp; path = light.cpp; sourceTree = "<group>"; };
		08B46F48298AC17A00DD8A78 /* geometry.cpp */ = {isa = PBXFileReference; fileEncoding = 4; lastKnownFileType = sourcecode.cpp.cpp; path = geometry.cpp; sourceTree = "<group>"; };
		08B46F49298AC17A00DD8A78 /* geometry.h */ = {isa = PBXFileReference; fileEncoding = 4; lastKnownFileType = sourcecode.c.h; path = geometry.h; sourceTree = "<group>"; };
		08B46F4B298AC17A00DD8A78 /* imgui_impl_glfw_gl3.h */ = {isa = PBXFileReference; fileEncoding = 4; lastKnownFileType = sourcecode.c.h; path = imgui_impl_glfw_gl3.h; sourceTree = "<group>"; };
		08B46F4C298AC17A00DD8A78 /* imgui.h */ = {isa = PBXFileReference; fileEncoding = 4; lastKnownFileType = sourcecode.c.h; path = imgui.h; sourceTree = "<group>"; };
		08B46F4D298AC17A00DD8A78 /* imconfig.h */ = {isa = PBXFileReference; fileEncoding = 4; lastKnownFileType = sourcecode.c.h; path = imconfig.h; sourceTree = "<group>"; };
		08B46F4E298AC17A00DD8A78 /* stb_rect_pack.h */ = {isa = PBXFileReference; fileEncoding = 4; lastKnownFileType = sourcecode.c.h; path = stb_rect_pack.h; sourceTree = "<group>"; };
		08B46F4F298AC17A00DD8A78 /* stb_truetype.h */ = {isa = PBXFileReference; fileEncoding = 4; lastKnownFileType = sourcecode.c.h; path = stb_truetype.h; sourceTree = "<group>"; };
		08B46F50298AC17A00DD8A78 /* imgui.cpp */ = {isa = PBXFileReference; fileEncoding = 4; lastKnownFileType = sourcecode.cpp.cpp; path = imgui.cpp; sourceTree = "<group>"; };
		08B46F51298AC17A00DD8A78 /* imgui_internal.h */ = {isa = PBXFileReference; fileEncoding = 4; lastKnownFileType = sourcecode.c.h; path = imgui_internal.h; sourceTree = "<group>"; };
		08B46F52298AC17A00DD8A78 /* imgui_impl_glfw_gl3.cpp */ = {isa = PBXFileReference; fileEncoding = 4; lastKnownFileType = sourcecode.cpp.cpp; path = imgui_impl_glfw_gl3.cpp; sourceTree = "<group>"; };
		08B46F53298AC17A00DD8A78 /* stb_textedit.h */ = {isa = PBXFileReference; fileEncoding = 4; lastKnownFileType = sourcecode.c.h; path = stb_textedit.h; sourceTree = "<group>"; };
		08B46F54298AC17A00DD8A78 /* imgui_demo.cpp */ = {isa = PBXFileReference; fileEncoding = 4; lastKnownFileType = sourcecode.cpp.cpp; path = imgui_demo.cpp; sourceTree = "<group>"; };
		08B46F55298AC17A00DD8A78 /* imgui_draw.cpp */ = {isa = PBXFileReference; fileEncoding = 4; lastKnownFileType = sourcecode.cpp.cpp; path = imgui_draw.cpp; sourceTree = "<group>"; };
		08B46F57298AC17A00DD8A78 /* stb_image.h */ = {isa = PBXFileReference; fileEncoding = 4; lastKnownFileType = sourcecode.c.h; path = stb_image.h; sourceTree = "<group>"; };
		08B46F5A298AC17A00DD8A78 /* bounding_box.h */ = {isa = PBXFileReference; fileEncoding = 4; lastKnownFileType = sourcecode.c.h; path = bounding_box.h; sourceTree = "<group>"; };
		08B46F5C298AC17A00DD8A78 /* vertex.h */ = {isa = PBXFileReference; fileEncoding = 4; lastKnownFileType = sourcecode.c.h; path = vertex.h; sourceTree = "<group>"; };
		08B46F5D298AC17A00DD8A78 /* main.cpp */ = {isa = PBXFileReference; fileEncoding = 4; lastKnownFileType = sourcecode.cpp.cpp; path = main.cpp; sourceTree = "<group>"; };
		08B46F8E298AC29800DD8A78 /* OpenGL.framework */ = {isa = PBXFileReference; lastKnownFileType = wrapper.framework; name = OpenGL.framework; path = System/Library/Frameworks/OpenGL.framework; sourceTree = SDKROOT; };
		08B46F90298AC2A500DD8A78 /* libglfw.3.3.dylib */ = {isa = PBXFileReference; lastKnownFileType = "compiled.mach-o.dylib"; name = libglfw.3.3.dylib; path = ../../../../../../../../../../opt/homebrew/Cellar/glfw/3.3.8/lib/libglfw.3.3.dylib; sourceTree = "<group>"; };
		08B46F92298AC2AA00DD8A78 /* Lab1.entitlements */ = {isa = PBXFileReference; lastKnownFileType = text.plist.entitlements; path = Lab1.entitlements; sourceTree = "<group>"; };
		08B46F93298AC2CD00DD8A78 /* libGLEW.2.2.0.dylib */ = {isa = PBXFileReference; lastKnownFileType = "compiled.mach-o.dylib"; name = libGLEW.2.2.0.dylib; path = ../../../../../../../../../../opt/homebrew/Cellar/glew/2.2.0_1/lib/libGLEW.2.2.0.dylib; sourceTree = "<group>"; };
		08B46F95298AC2DE00DD8A78 /* libassimp.5.2.4.dylib */ = {isa = PBXFileReference; lastKnownFileType = "compiled.mach-o.dylib"; name = libassimp.5.2.4.dylib; path = ../../../../../../../../../../opt/homebrew/Cellar/assimp/5.2.5/lib/libassimp.5.2.4.dylib; sourceTree = "<group>"; };
/* End PBXFileReference section */

/* Begin PBXFrameworksBuildPhase section */
		08410DEB298A914300FD3BC7 /* Frameworks */ = {
			isa = PBXFrameworksBuildPhase;
			buildActionMask = 2147483647;
			files = (
				087C87722B7F0086006EA41E /* libassimp.5.3.0.dylib in Frameworks */,
				087C87702B7F0078006EA41E /* libglm.dylib in Frameworks */,
				087C876E2B7F006B006EA41E /* libglfw.3.3.dylib in Frameworks */,
				08B46F94298AC2CD00DD8A78 /* libGLEW.2.2.0.dylib in Frameworks */,
				08B46F8F298AC29800DD8A78 /* OpenGL.framework in Frameworks */,
			);
			runOnlyForDeploymentPostprocessing = 0;
		};
/* End PBXFrameworksBuildPhase section */

/* Begin PBXGroup section */
		0803907E29942E420047A799 /* turbulence */ = {
			isa = PBXGroup;
			children = (
				0803907F29942E5F0047A799 /* turbulence.cpp */,
				0803908029942E5F0047A799 /* turbulence.h */,
			);
			path = turbulence;
			sourceTree = "<group>";
		};
		0821DD6C298AE27500B938AF /* cubemap */ = {
			isa = PBXGroup;
			children = (
				0821DD6D298AE2B000B938AF /* cubemap.cpp */,
				0821DD6E298AE2B000B938AF /* cubemap.h */,
			);
			path = cubemap;
			sourceTree = "<group>";
		};
		0837F8692990806800B2C051 /* skybox */ = {
			isa = PBXGroup;
			children = (
				0837F86A2990806800B2C051 /* skybox.h */,
				0837F86B2990806800B2C051 /* skybox.cpp */,
			);
			path = skybox;
			sourceTree = "<group>";
		};
		08410DE5298A914300FD3BC7 = {
			isa = PBXGroup;
			children = (
				087C87362B7F004E006EA41E /* Models */,
				087C87002B7EFEEF006EA41E /* Skyboxes */,
				08B46F26298AC17A00DD8A78 /* Lab1 */,
				08410DEF298A914300FD3BC7 /* Products */,
				08B46F8D298AC29800DD8A78 /* Frameworks */,
			);
			sourceTree = "<group>";
		};
		08410DEF298A914300FD3BC7 /* Products */ = {
			isa = PBXGroup;
			children = (
				08410DEE298A914300FD3BC7 /* Lab1 */,
			);
			name = Products;
			sourceTree = "<group>";
		};
		087C87002B7EFEEF006EA41E /* Skyboxes */ = {
			isa = PBXGroup;
			children = (
				087C87282B7EFEEF006EA41E /* skybox */,
			);
			path = Skyboxes;
			sourceTree = "<group>";
		};
		087C87282B7EFEEF006EA41E /* skybox */ = {
			isa = PBXGroup;
			children = (
				087C87292B7EFEEF006EA41E /* bottom.jpg */,
				087C872A2B7EFEEF006EA41E /* left.jpg */,
				087C872B2B7EFEEF006EA41E /* top.jpg */,
				087C872C2B7EFEEF006EA41E /* back.jpg */,
				087C872D2B7EFEEF006EA41E /* right.jpg */,
				087C872E2B7EFEEF006EA41E /* front.jpg */,
			);
			path = skybox;
			sourceTree = "<group>";
		};
		087C87362B7F004E006EA41E /* Models */ = {
			isa = PBXGroup;
			children = (
				087C87372B7F004E006EA41E /* Plane.dae */,
				087C87382B7F004E006EA41E /* Window.png */,
				087C87392B7F004E006EA41E /* Red.jpg */,
			);
			path = Models;
			sourceTree = "<group>";
		};
		08B46F26298AC17A00DD8A78 /* Lab1 */ = {
			isa = PBXGroup;
			children = (
				08B46F92298AC2AA00DD8A78 /* Lab1.entitlements */,
				08B46F27298AC17A00DD8A78 /* main.h */,
				08B46F5D298AC17A00DD8A78 /* main.cpp */,
				08B46F28298AC17A00DD8A78 /* classes */,
				08B46F4A298AC17A00DD8A78 /* imgui */,
				08B46F56298AC17A00DD8A78 /* stb */,
				08B46F58298AC17A00DD8A78 /* structs */,
				08B46F6E298AC26700DD8A78 /* shaders */,
			);
			path = Lab1;
			sourceTree = "<group>";
		};
		08B46F28298AC17A00DD8A78 /* classes */ = {
			isa = PBXGroup;
			children = (
				0803907E29942E420047A799 /* turbulence */,
				0837F8692990806800B2C051 /* skybox */,
				0821DD6C298AE27500B938AF /* cubemap */,
				08B46F29298AC17A00DD8A78 /* loader_assimp */,
				08B46F2C298AC17A00DD8A78 /* camera */,
				08B46F2F298AC17A00DD8A78 /* vbo */,
				08B46F32298AC17A00DD8A78 /* vao */,
				08B46F35298AC17A00DD8A78 /* ebo */,
				08B46F38298AC17A00DD8A78 /* object */,
				08B46F3B298AC17A00DD8A78 /* loader */,
				08B46F3E298AC17A00DD8A78 /* texture */,
				08B46F41298AC17A00DD8A78 /* shader */,
				08B46F44298AC17A00DD8A78 /* light */,
				08B46F47298AC17A00DD8A78 /* geometry */,
			);
			path = classes;
			sourceTree = "<group>";
		};
		08B46F29298AC17A00DD8A78 /* loader_assimp */ = {
			isa = PBXGroup;
			children = (
				08B46F2A298AC17A00DD8A78 /* loader_assimp.h */,
				08B46F2B298AC17A00DD8A78 /* loader_assimp.cpp */,
			);
			path = loader_assimp;
			sourceTree = "<group>";
		};
		08B46F2C298AC17A00DD8A78 /* camera */ = {
			isa = PBXGroup;
			children = (
				08B46F2D298AC17A00DD8A78 /* camera.cpp */,
				08B46F2E298AC17A00DD8A78 /* camera.h */,
			);
			path = camera;
			sourceTree = "<group>";
		};
		08B46F2F298AC17A00DD8A78 /* vbo */ = {
			isa = PBXGroup;
			children = (
				08B46F30298AC17A00DD8A78 /* vbo.h */,
				08B46F31298AC17A00DD8A78 /* vbo.cpp */,
			);
			path = vbo;
			sourceTree = "<group>";
		};
		08B46F32298AC17A00DD8A78 /* vao */ = {
			isa = PBXGroup;
			children = (
				08B46F33298AC17A00DD8A78 /* vao.cpp */,
				08B46F34298AC17A00DD8A78 /* vao.h */,
			);
			path = vao;
			sourceTree = "<group>";
		};
		08B46F35298AC17A00DD8A78 /* ebo */ = {
			isa = PBXGroup;
			children = (
				08B46F36298AC17A00DD8A78 /* ebo.h */,
				08B46F37298AC17A00DD8A78 /* ebo.cpp */,
			);
			path = ebo;
			sourceTree = "<group>";
		};
		08B46F38298AC17A00DD8A78 /* object */ = {
			isa = PBXGroup;
			children = (
				08B46F39298AC17A00DD8A78 /* object.cpp */,
				08B46F3A298AC17A00DD8A78 /* object.h */,
			);
			path = object;
			sourceTree = "<group>";
		};
		08B46F3B298AC17A00DD8A78 /* loader */ = {
			isa = PBXGroup;
			children = (
				08B46F3C298AC17A00DD8A78 /* loader.h */,
				08B46F3D298AC17A00DD8A78 /* loader.cpp */,
			);
			path = loader;
			sourceTree = "<group>";
		};
		08B46F3E298AC17A00DD8A78 /* texture */ = {
			isa = PBXGroup;
			children = (
				08B46F3F298AC17A00DD8A78 /* texture.cpp */,
				08B46F40298AC17A00DD8A78 /* texture.h */,
			);
			path = texture;
			sourceTree = "<group>";
		};
		08B46F41298AC17A00DD8A78 /* shader */ = {
			isa = PBXGroup;
			children = (
				08B46F42298AC17A00DD8A78 /* shader.h */,
				08B46F43298AC17A00DD8A78 /* shader.cpp */,
			);
			path = shader;
			sourceTree = "<group>";
		};
		08B46F44298AC17A00DD8A78 /* light */ = {
			isa = PBXGroup;
			children = (
				08B46F45298AC17A00DD8A78 /* light.h */,
				08B46F46298AC17A00DD8A78 /* light.cpp */,
			);
			path = light;
			sourceTree = "<group>";
		};
		08B46F47298AC17A00DD8A78 /* geometry */ = {
			isa = PBXGroup;
			children = (
				08B46F48298AC17A00DD8A78 /* geometry.cpp */,
				08B46F49298AC17A00DD8A78 /* geometry.h */,
			);
			path = geometry;
			sourceTree = "<group>";
		};
		08B46F4A298AC17A00DD8A78 /* imgui */ = {
			isa = PBXGroup;
			children = (
				08B46F4B298AC17A00DD8A78 /* imgui_impl_glfw_gl3.h */,
				08B46F4C298AC17A00DD8A78 /* imgui.h */,
				08B46F4D298AC17A00DD8A78 /* imconfig.h */,
				08B46F4E298AC17A00DD8A78 /* stb_rect_pack.h */,
				08B46F4F298AC17A00DD8A78 /* stb_truetype.h */,
				08B46F50298AC17A00DD8A78 /* imgui.cpp */,
				08B46F51298AC17A00DD8A78 /* imgui_internal.h */,
				08B46F52298AC17A00DD8A78 /* imgui_impl_glfw_gl3.cpp */,
				08B46F53298AC17A00DD8A78 /* stb_textedit.h */,
				08B46F54298AC17A00DD8A78 /* imgui_demo.cpp */,
				08B46F55298AC17A00DD8A78 /* imgui_draw.cpp */,
			);
			path = imgui;
			sourceTree = "<group>";
		};
		08B46F56298AC17A00DD8A78 /* stb */ = {
			isa = PBXGroup;
			children = (
				08B46F57298AC17A00DD8A78 /* stb_image.h */,
			);
			path = stb;
			sourceTree = "<group>";
		};
		08B46F58298AC17A00DD8A78 /* structs */ = {
			isa = PBXGroup;
			children = (
				08B46F59298AC17A00DD8A78 /* bounding_box */,
				08B46F5B298AC17A00DD8A78 /* vertex */,
			);
			path = structs;
			sourceTree = "<group>";
		};
		08B46F59298AC17A00DD8A78 /* bounding_box */ = {
			isa = PBXGroup;
			children = (
				08B46F5A298AC17A00DD8A78 /* bounding_box.h */,
			);
			path = bounding_box;
			sourceTree = "<group>";
		};
		08B46F5B298AC17A00DD8A78 /* vertex */ = {
			isa = PBXGroup;
			children = (
				08B46F5C298AC17A00DD8A78 /* vertex.h */,
			);
			path = vertex;
			sourceTree = "<group>";
		};
		08B46F6E298AC26700DD8A78 /* shaders */ = {
			isa = PBXGroup;
			children = (
				0837F8B82990929F00B2C051 /* skybox.vert */,
				0837F8B9299092B100B2C051 /* skybox.frag */,
				082D724C2993C30100D38E1B /* blinnPhongFresnel.frag */,
				082D724D2993C31C00D38E1B /* blinnPhongFresnel.vert */,
			);
			path = shaders;
			sourceTree = "<group>";
		};
		08B46F8D298AC29800DD8A78 /* Frameworks */ = {
			isa = PBXGroup;
			children = (
				087C87712B7F0086006EA41E /* libassimp.5.3.0.dylib */,
				087C876F2B7F0078006EA41E /* libglm.dylib */,
				087C876D2B7F006B006EA41E /* libglfw.3.3.dylib */,
				08B46F95298AC2DE00DD8A78 /* libassimp.5.2.4.dylib */,
				08B46F93298AC2CD00DD8A78 /* libGLEW.2.2.0.dylib */,
				08B46F90298AC2A500DD8A78 /* libglfw.3.3.dylib */,
				08B46F8E298AC29800DD8A78 /* OpenGL.framework */,
			);
			name = Frameworks;
			sourceTree = "<group>";
		};
/* End PBXGroup section */

/* Begin PBXNativeTarget section */
		08410DED298A914300FD3BC7 /* Lab1 */ = {
			isa = PBXNativeTarget;
			buildConfigurationList = 08410DF5298A914300FD3BC7 /* Build configuration list for PBXNativeTarget "Lab1" */;
			buildPhases = (
				08410DEA298A914300FD3BC7 /* Sources */,
				08410DEB298A914300FD3BC7 /* Frameworks */,
				08410DEC298A914300FD3BC7 /* CopyFiles */,
			);
			buildRules = (
			);
			dependencies = (
			);
			name = Lab1;
			productName = Lab1;
			productReference = 08410DEE298A914300FD3BC7 /* Lab1 */;
			productType = "com.apple.product-type.tool";
		};
/* End PBXNativeTarget section */

/* Begin PBXProject section */
		08410DE6298A914300FD3BC7 /* Project object */ = {
			isa = PBXProject;
			attributes = {
				BuildIndependentTargetsInParallel = 1;
				LastUpgradeCheck = 1420;
				TargetAttributes = {
					08410DED298A914300FD3BC7 = {
						CreatedOnToolsVersion = 14.2;
					};
				};
			};
			buildConfigurationList = 08410DE9298A914300FD3BC7 /* Build configuration list for PBXProject "Lab1" */;
			compatibilityVersion = "Xcode 14.0";
			developmentRegion = en;
			hasScannedForEncodings = 0;
			knownRegions = (
				en,
				Base,
			);
			mainGroup = 08410DE5298A914300FD3BC7;
			productRefGroup = 08410DEF298A914300FD3BC7 /* Products */;
			projectDirPath = "";
			projectRoot = "";
			targets = (
				08410DED298A914300FD3BC7 /* Lab1 */,
			);
		};
/* End PBXProject section */

/* Begin PBXSourcesBuildPhase section */
		08410DEA298A914300FD3BC7 /* Sources */ = {
			isa = PBXSourcesBuildPhase;
			buildActionMask = 2147483647;
			files = (
				08B46F64298AC17A00DD8A78 /* loader.cpp in Sources */,
				08B46F60298AC17A00DD8A78 /* vbo.cpp in Sources */,
				08B46F6A298AC17A00DD8A78 /* imgui_impl_glfw_gl3.cpp in Sources */,
				08B46F6C298AC17A00DD8A78 /* imgui_draw.cpp in Sources */,
				08B46F5F298AC17A00DD8A78 /* camera.cpp in Sources */,
				0837F86C2990806800B2C051 /* skybox.cpp in Sources */,
				0821DD6F298AE2B000B938AF /* cubemap.cpp in Sources */,
				08B46F66298AC17A00DD8A78 /* shader.cpp in Sources */,
				08B46F68298AC17A00DD8A78 /* geometry.cpp in Sources */,
				08B46F69298AC17A00DD8A78 /* imgui.cpp in Sources */,
				08B46F61298AC17A00DD8A78 /* vao.cpp in Sources */,
				08B46F5E298AC17A00DD8A78 /* loader_assimp.cpp in Sources */,
				08B46F65298AC17A00DD8A78 /* texture.cpp in Sources */,
				08B46F63298AC17A00DD8A78 /* object.cpp in Sources */,
				0803908129942E5F0047A799 /* turbulence.cpp in Sources */,
				08B46F67298AC17A00DD8A78 /* light.cpp in Sources */,
				08B46F6B298AC17A00DD8A78 /* imgui_demo.cpp in Sources */,
				08B46F6D298AC17A00DD8A78 /* main.cpp in Sources */,
				08B46F62298AC17A00DD8A78 /* ebo.cpp in Sources */,
			);
			runOnlyForDeploymentPostprocessing = 0;
		};
/* End PBXSourcesBuildPhase section */

/* Begin XCBuildConfiguration section */
		08410DF3298A914300FD3BC7 /* Debug */ = {
			isa = XCBuildConfiguration;
			buildSettings = {
				ALWAYS_SEARCH_USER_PATHS = NO;
				CLANG_ANALYZER_NONNULL = YES;
				CLANG_ANALYZER_NUMBER_OBJECT_CONVERSION = YES_AGGRESSIVE;
				CLANG_CXX_LANGUAGE_STANDARD = "gnu++20";
				CLANG_ENABLE_MODULES = YES;
				CLANG_ENABLE_OBJC_ARC = YES;
				CLANG_ENABLE_OBJC_WEAK = YES;
				CLANG_WARN_BLOCK_CAPTURE_AUTORELEASING = YES;
				CLANG_WARN_BOOL_CONVERSION = YES;
				CLANG_WARN_COMMA = YES;
				CLANG_WARN_CONSTANT_CONVERSION = YES;
				CLANG_WARN_DEPRECATED_OBJC_IMPLEMENTATIONS = YES;
				CLANG_WARN_DIRECT_OBJC_ISA_USAGE = YES_ERROR;
				CLANG_WARN_DOCUMENTATION_COMMENTS = YES;
				CLANG_WARN_EMPTY_BODY = YES;
				CLANG_WARN_ENUM_CONVERSION = YES;
				CLANG_WARN_INFINITE_RECURSION = YES;
				CLANG_WARN_INT_CONVERSION = YES;
				CLANG_WARN_NON_LITERAL_NULL_CONVERSION = YES;
				CLANG_WARN_OBJC_IMPLICIT_RETAIN_SELF = YES;
				CLANG_WARN_OBJC_LITERAL_CONVERSION = YES;
				CLANG_WARN_OBJC_ROOT_CLASS = YES_ERROR;
				CLANG_WARN_QUOTED_INCLUDE_IN_FRAMEWORK_HEADER = YES;
				CLANG_WARN_RANGE_LOOP_ANALYSIS = YES;
				CLANG_WARN_STRICT_PROTOTYPES = YES;
				CLANG_WARN_SUSPICIOUS_MOVE = YES;
				CLANG_WARN_UNGUARDED_AVAILABILITY = YES_AGGRESSIVE;
				CLANG_WARN_UNREACHABLE_CODE = YES;
				CLANG_WARN__DUPLICATE_METHOD_MATCH = YES;
				COPY_PHASE_STRIP = NO;
				DEBUG_INFORMATION_FORMAT = dwarf;
				ENABLE_STRICT_OBJC_MSGSEND = YES;
				ENABLE_TESTABILITY = YES;
				GCC_C_LANGUAGE_STANDARD = gnu11;
				GCC_DYNAMIC_NO_PIC = NO;
				GCC_NO_COMMON_BLOCKS = YES;
				GCC_OPTIMIZATION_LEVEL = 0;
				GCC_PREPROCESSOR_DEFINITIONS = (
					"DEBUG=1",
					"$(inherited)",
				);
				GCC_WARN_64_TO_32_BIT_CONVERSION = YES;
				GCC_WARN_ABOUT_RETURN_TYPE = YES_ERROR;
				GCC_WARN_UNDECLARED_SELECTOR = YES;
				GCC_WARN_UNINITIALIZED_AUTOS = YES_AGGRESSIVE;
				GCC_WARN_UNUSED_FUNCTION = YES;
				GCC_WARN_UNUSED_VARIABLE = YES;
				MACOSX_DEPLOYMENT_TARGET = 13.1;
				MTL_ENABLE_DEBUG_INFO = INCLUDE_SOURCE;
				MTL_FAST_MATH = YES;
				ONLY_ACTIVE_ARCH = YES;
				SDKROOT = macosx;
			};
			name = Debug;
		};
		08410DF4298A914300FD3BC7 /* Release */ = {
			isa = XCBuildConfiguration;
			buildSettings = {
				ALWAYS_SEARCH_USER_PATHS = NO;
				CLANG_ANALYZER_NONNULL = YES;
				CLANG_ANALYZER_NUMBER_OBJECT_CONVERSION = YES_AGGRESSIVE;
				CLANG_CXX_LANGUAGE_STANDARD = "gnu++20";
				CLANG_ENABLE_MODULES = YES;
				CLANG_ENABLE_OBJC_ARC = YES;
				CLANG_ENABLE_OBJC_WEAK = YES;
				CLANG_WARN_BLOCK_CAPTURE_AUTORELEASING = YES;
				CLANG_WARN_BOOL_CONVERSION = YES;
				CLANG_WARN_COMMA = YES;
				CLANG_WARN_CONSTANT_CONVERSION = YES;
				CLANG_WARN_DEPRECATED_OBJC_IMPLEMENTATIONS = YES;
				CLANG_WARN_DIRECT_OBJC_ISA_USAGE = YES_ERROR;
				CLANG_WARN_DOCUMENTATION_COMMENTS = YES;
				CLANG_WARN_EMPTY_BODY = YES;
				CLANG_WARN_ENUM_CONVERSION = YES;
				CLANG_WARN_INFINITE_RECURSION = YES;
				CLANG_WARN_INT_CONVERSION = YES;
				CLANG_WARN_NON_LITERAL_NULL_CONVERSION = YES;
				CLANG_WARN_OBJC_IMPLICIT_RETAIN_SELF = YES;
				CLANG_WARN_OBJC_LITERAL_CONVERSION = YES;
				CLANG_WARN_OBJC_ROOT_CLASS = YES_ERROR;
				CLANG_WARN_QUOTED_INCLUDE_IN_FRAMEWORK_HEADER = YES;
				CLANG_WARN_RANGE_LOOP_ANALYSIS = YES;
				CLANG_WARN_STRICT_PROTOTYPES = YES;
				CLANG_WARN_SUSPICIOUS_MOVE = YES;
				CLANG_WARN_UNGUARDED_AVAILABILITY = YES_AGGRESSIVE;
				CLANG_WARN_UNREACHABLE_CODE = YES;
				CLANG_WARN__DUPLICATE_METHOD_MATCH = YES;
				COPY_PHASE_STRIP = NO;
				DEBUG_INFORMATION_FORMAT = "dwarf-with-dsym";
				ENABLE_NS_ASSERTIONS = NO;
				ENABLE_STRICT_OBJC_MSGSEND = YES;
				GCC_C_LANGUAGE_STANDARD = gnu11;
				GCC_NO_COMMON_BLOCKS = YES;
				GCC_WARN_64_TO_32_BIT_CONVERSION = YES;
				GCC_WARN_ABOUT_RETURN_TYPE = YES_ERROR;
				GCC_WARN_UNDECLARED_SELECTOR = YES;
				GCC_WARN_UNINITIALIZED_AUTOS = YES_AGGRESSIVE;
				GCC_WARN_UNUSED_FUNCTION = YES;
				GCC_WARN_UNUSED_VARIABLE = YES;
				MACOSX_DEPLOYMENT_TARGET = 13.1;
				MTL_ENABLE_DEBUG_INFO = NO;
				MTL_FAST_MATH = YES;
				SDKROOT = macosx;
			};
			name = Release;
		};
		08410DF6298A914300FD3BC7 /* Debug */ = {
			isa = XCBuildConfiguration;
			buildSettings = {
				CODE_SIGN_ENTITLEMENTS = Lab1/Lab1.entitlements;
				CODE_SIGN_STYLE = Automatic;
				DEVELOPMENT_TEAM = RH2S6J4YWK;
				ENABLE_HARDENED_RUNTIME = YES;
				HEADER_SEARCH_PATHS = (
					/opt/homebrew/include,
					./Lab1,
				);
				LIBRARY_SEARCH_PATHS = (
					/opt/homebrew/Cellar/glfw/3.3.8/lib,
					/opt/homebrew/Cellar/glew/2.2.0_1/lib,
					/opt/homebrew/Cellar/assimp/5.2.5/lib,
					/opt/homebrew/Cellar/glfw/3.3.9/lib,
					/opt/homebrew/Cellar/glm/1.0.0/lib,
					/opt/homebrew/Cellar/assimp/5.3.1/lib,
				);
				PRODUCT_NAME = "$(TARGET_NAME)";
			};
			name = Debug;
		};
		08410DF7298A914300FD3BC7 /* Release */ = {
			isa = XCBuildConfiguration;
			buildSettings = {
				CODE_SIGN_ENTITLEMENTS = Lab1/Lab1.entitlements;
				CODE_SIGN_STYLE = Automatic;
				DEVELOPMENT_TEAM = RH2S6J4YWK;
				ENABLE_HARDENED_RUNTIME = YES;
				HEADER_SEARCH_PATHS = (
					/opt/homebrew/include,
					./Lab1,
				);
				LIBRARY_SEARCH_PATHS = (
					/opt/homebrew/Cellar/glfw/3.3.8/lib,
					/opt/homebrew/Cellar/glew/2.2.0_1/lib,
					/opt/homebrew/Cellar/assimp/5.2.5/lib,
					/opt/homebrew/Cellar/glfw/3.3.9/lib,
					/opt/homebrew/Cellar/glm/1.0.0/lib,
					/opt/homebrew/Cellar/assimp/5.3.1/lib,
				);
				PRODUCT_NAME = "$(TARGET_NAME)";
			};
			name = Release;
		};
/* End XCBuildConfiguration section */

/* Begin XCConfigurationList section */
		08410DE9298A914300FD3BC7 /* Build configuration list for PBXProject "Lab1" */ = {
			isa = XCConfigurationList;
			buildConfigurations = (
				08410DF3298A914300FD3BC7 /* Debug */,
				08410DF4298A914300FD3BC7 /* Release */,
			);
			defaultConfigurationIsVisible = 0;
			defaultConfigurationName = Release;
		};
		08410DF5298A914300FD3BC7 /* Build configuration list for PBXNativeTarget "Lab1" */ = {
			isa = XCConfigurationList;
			buildConfigurations = (
				08410DF6298A914300FD3BC7 /* Debug */,
				08410DF7298A914300FD3BC7 /* Release */,
			);
			defaultConfigurationIsVisible = 0;
			defaultConfigurationName = Release;
		};
/* End XCConfigurationList section */
	};
	rootObject = 08410DE6298A914300FD3BC7 /* Project object */;
}
